
Microsoft Visual Studio Solution File, Format Version 12.00
# Visual Studio Version 17
VisualStudioVersion = 17.14.36401.2 d17.14
MinimumVisualStudioVersion = 10.0.40219.1
Project("{FAE04EC0-301F-11D3-BF4B-00C04F79EFBC}") = "ProjetoBMA.Tests", "ProjetoBMA.Tests.csproj", "{16B90A8A-2AD7-DAA4-BBDF-6299738917AD}"
EndProject
Global
	GlobalSection(SolutionConfigurationPlatforms) = preSolution
		Debug|Any CPU = Debug|Any CPU
		Release|Any CPU = Release|Any CPU
	EndGlobalSection
	GlobalSection(ProjectConfigurationPlatforms) = postSolution
		{16B90A8A-2AD7-DAA4-BBDF-6299738917AD}.Debug|Any CPU.ActiveCfg = Debug|Any CPU
		{16B90A8A-2AD7-DAA4-BBDF-6299738917AD}.Debug|Any CPU.Build.0 = Debug|Any CPU
		{16B90A8A-2AD7-DAA4-BBDF-6299738917AD}.Release|Any CPU.ActiveCfg = Release|Any CPU
		{16B90A8A-2AD7-DAA4-BBDF-6299738917AD}.Release|Any CPU.Build.0 = Release|Any CPU
	EndGlobalSection
	GlobalSection(SolutionProperties) = preSolution
		HideSolutionNode = FALSE
	EndGlobalSection
	GlobalSection(ExtensibilityGlobals) = postSolution
		SolutionGuid = {1E5CD95C-C032-4B90-AEF0-140076BBFB77}
	EndGlobalSection
EndGlobal
